
Microsoft Visual Studio Solution File, Format Version 12.00
# Visual Studio Version 16
VisualStudioVersion = 16.0.30204.135
MinimumVisualStudioVersion = 10.0.40219.1
Project("{FAE04EC0-301F-11D3-BF4B-00C04F79EFBC}") = "IptvEditorLibrary", "IptvEditorLibrary\IptvEditorLibrary.csproj", "{9966FE38-1E37-49D7-A2E2-86E532FC5EC4}"
EndProject
Project("{FAE04EC0-301F-11D3-BF4B-00C04F79EFBC}") = "IptvEditorUI", "IptvEditorUI\IptvEditorUI.csproj", "{0DA21990-CE7C-4B6E-80B4-B8896D877A7A}"
EndProject
Global
	GlobalSection(SolutionConfigurationPlatforms) = preSolution
		Debug|Any CPU = Debug|Any CPU
		Release|Any CPU = Release|Any CPU
	EndGlobalSection
	GlobalSection(ProjectConfigurationPlatforms) = postSolution
		{9966FE38-1E37-49D7-A2E2-86E532FC5EC4}.Debug|Any CPU.ActiveCfg = Debug|Any CPU
		{9966FE38-1E37-49D7-A2E2-86E532FC5EC4}.Debug|Any CPU.Build.0 = Debug|Any CPU
		{9966FE38-1E37-49D7-A2E2-86E532FC5EC4}.Release|Any CPU.ActiveCfg = Release|Any CPU
		{9966FE38-1E37-49D7-A2E2-86E532FC5EC4}.Release|Any CPU.Build.0 = Release|Any CPU
		{0DA21990-CE7C-4B6E-80B4-B8896D877A7A}.Debug|Any CPU.ActiveCfg = Debug|Any CPU
		{0DA21990-CE7C-4B6E-80B4-B8896D877A7A}.Debug|Any CPU.Build.0 = Debug|Any CPU
		{0DA21990-CE7C-4B6E-80B4-B8896D877A7A}.Release|Any CPU.ActiveCfg = Release|Any CPU
		{0DA21990-CE7C-4B6E-80B4-B8896D877A7A}.Release|Any CPU.Build.0 = Release|Any CPU
	EndGlobalSection
	GlobalSection(SolutionProperties) = preSolution
		HideSolutionNode = FALSE
	EndGlobalSection
	GlobalSection(ExtensibilityGlobals) = postSolution
		SolutionGuid = {6956CCBE-AB73-4318-A1DF-CE03EBD2B8BB}
	EndGlobalSection
EndGlobal
